
Microsoft Visual Studio Solution File, Format Version 12.00
# Visual Studio Version 16
VisualStudioVersion = 16.0.31205.134
MinimumVisualStudioVersion = 10.0.40219.1
Project("{FAE04EC0-301F-11D3-BF4B-00C04F79EFBC}") = "ExpenseManager", "ExpenseManager\ExpenseManager.csproj", "{9579BC0D-E1C2-46A8-8B43-32E5369C6969}"
EndProject
Global
	GlobalSection(SolutionConfigurationPlatforms) = preSolution
		Debug|Any CPU = Debug|Any CPU
		Release|Any CPU = Release|Any CPU
	EndGlobalSection
	GlobalSection(ProjectConfigurationPlatforms) = postSolution
		{9579BC0D-E1C2-46A8-8B43-32E5369C6969}.Debug|Any CPU.ActiveCfg = Debug|Any CPU
		{9579BC0D-E1C2-46A8-8B43-32E5369C6969}.Debug|Any CPU.Build.0 = Debug|Any CPU
		{9579BC0D-E1C2-46A8-8B43-32E5369C6969}.Release|Any CPU.ActiveCfg = Release|Any CPU
		{9579BC0D-E1C2-46A8-8B43-32E5369C6969}.Release|Any CPU.Build.0 = Release|Any CPU
	EndGlobalSection
	GlobalSection(SolutionProperties) = preSolution
		HideSolutionNode = FALSE
	EndGlobalSection
	GlobalSection(ExtensibilityGlobals) = postSolution
		SolutionGuid = {2FBEA161-E4C0-446B-BCEE-15DC6E2EC654}
	EndGlobalSection
EndGlobal
